
Microsoft Visual Studio Solution File, Format Version 12.00
Project("{FAE04EC0-301F-11D3-BF4B-00C04F79EFBC}") = "P1_Collections", "P1_Collections\P1_Collections.csproj", "{0049FEC9-91FA-4486-991C-9249FFDD3349}"
EndProject
Project("{FAE04EC0-301F-11D3-BF4B-00C04F79EFBC}") = "P2IteratorPattern", "P2IteratorPattern\P2IteratorPattern.csproj", "{EC8C6FF1-BE75-44ED-8CD8-8641B2A7DE2B}"
EndProject
Project("{FAE04EC0-301F-11D3-BF4B-00C04F79EFBC}") = "P0HelloWorld", "P0HelloWorld\P0HelloWorld.csproj", "{0A3CFA7A-59CC-4F2E-B920-7BB442EF73C6}"
EndProject
Project("{FAE04EC0-301F-11D3-BF4B-00C04F79EFBC}") = "TurboCollections", "TurboCollections\TurboCollections.csproj", "{52EB656E-AF4E-41F4-9091-E2175B95CBD6}"
EndProject
Project("{FAE04EC0-301F-11D3-BF4B-00C04F79EFBC}") = "TurboCollections.Test", "TurboCollections.Test\TurboCollections.Test.csproj", "{ACED48BC-E6A2-4766-A739-BE090B46A3E9}"
EndProject
Project("{FAE04EC0-301F-11D3-BF4B-00C04F79EFBC}") = "GameStateHistory", "GameStateHistory\GameStateHistory.csproj", "{87567645-C04C-4D24-8845-4EC4092353D5}"
EndProject
Project("{FAE04EC0-301F-11D3-BF4B-00C04F79EFBC}") = "SpotifySongQueue", "SpotifySongQueue\SpotifySongQueue.csproj", "{FFF2B472-F7B7-492F-9944-614311E0D969}"
EndProject
Project("{2150E333-8FDC-42A3-9474-1A3956D46DE8}") = "212", "212", "{5BA39FEA-2C24-4F7C-B330-AD4BB5B35D92}"
EndProject
Project("{2150E333-8FDC-42A3-9474-1A3956D46DE8}") = "213", "213", "{F0BC4987-59D8-4D37-887F-FDD54BA3E47E}"
EndProject
Project("{FAE04EC0-301F-11D3-BF4B-00C04F79EFBC}") = "P0_Fib", "P0_Fib\P0_Fib.csproj", "{54F47324-9ACD-4743-AC2A-0AB89F7102E1}"
EndProject
Project("{FAE04EC0-301F-11D3-BF4B-00C04F79EFBC}") = "Tic-Tac-Toe", "Tic-Tac-Toe\Tic-Tac-Toe.csproj", "{44167866-8EA7-4607-901E-B4CE917D6855}"
EndProject
Global
	GlobalSection(SolutionConfigurationPlatforms) = preSolution
		Debug|Any CPU = Debug|Any CPU
		Release|Any CPU = Release|Any CPU
	EndGlobalSection
	GlobalSection(ProjectConfigurationPlatforms) = postSolution
		{0049FEC9-91FA-4486-991C-9249FFDD3349}.Debug|Any CPU.ActiveCfg = Debug|Any CPU
		{0049FEC9-91FA-4486-991C-9249FFDD3349}.Debug|Any CPU.Build.0 = Debug|Any CPU
		{0049FEC9-91FA-4486-991C-9249FFDD3349}.Release|Any CPU.ActiveCfg = Release|Any CPU
		{0049FEC9-91FA-4486-991C-9249FFDD3349}.Release|Any CPU.Build.0 = Release|Any CPU
		{EC8C6FF1-BE75-44ED-8CD8-8641B2A7DE2B}.Debug|Any CPU.ActiveCfg = Debug|Any CPU
		{EC8C6FF1-BE75-44ED-8CD8-8641B2A7DE2B}.Debug|Any CPU.Build.0 = Debug|Any CPU
		{EC8C6FF1-BE75-44ED-8CD8-8641B2A7DE2B}.Release|Any CPU.ActiveCfg = Release|Any CPU
		{EC8C6FF1-BE75-44ED-8CD8-8641B2A7DE2B}.Release|Any CPU.Build.0 = Release|Any CPU
		{0A3CFA7A-59CC-4F2E-B920-7BB442EF73C6}.Debug|Any CPU.ActiveCfg = Debug|Any CPU
		{0A3CFA7A-59CC-4F2E-B920-7BB442EF73C6}.Debug|Any CPU.Build.0 = Debug|Any CPU
		{0A3CFA7A-59CC-4F2E-B920-7BB442EF73C6}.Release|Any CPU.ActiveCfg = Release|Any CPU
		{0A3CFA7A-59CC-4F2E-B920-7BB442EF73C6}.Release|Any CPU.Build.0 = Release|Any CPU
		{52EB656E-AF4E-41F4-9091-E2175B95CBD6}.Debug|Any CPU.ActiveCfg = Debug|Any CPU
		{52EB656E-AF4E-41F4-9091-E2175B95CBD6}.Debug|Any CPU.Build.0 = Debug|Any CPU
		{52EB656E-AF4E-41F4-9091-E2175B95CBD6}.Release|Any CPU.ActiveCfg = Release|Any CPU
		{52EB656E-AF4E-41F4-9091-E2175B95CBD6}.Release|Any CPU.Build.0 = Release|Any CPU
		{ACED48BC-E6A2-4766-A739-BE090B46A3E9}.Debug|Any CPU.ActiveCfg = Debug|Any CPU
		{ACED48BC-E6A2-4766-A739-BE090B46A3E9}.Debug|Any CPU.Build.0 = Debug|Any CPU
		{ACED48BC-E6A2-4766-A739-BE090B46A3E9}.Release|Any CPU.ActiveCfg = Release|Any CPU
		{ACED48BC-E6A2-4766-A739-BE090B46A3E9}.Release|Any CPU.Build.0 = Release|Any CPU
		{87567645-C04C-4D24-8845-4EC4092353D5}.Debug|Any CPU.ActiveCfg = Debug|Any CPU
		{87567645-C04C-4D24-8845-4EC4092353D5}.Debug|Any CPU.Build.0 = Debug|Any CPU
		{87567645-C04C-4D24-8845-4EC4092353D5}.Release|Any CPU.ActiveCfg = Release|Any CPU
		{87567645-C04C-4D24-8845-4EC4092353D5}.Release|Any CPU.Build.0 = Release|Any CPU
		{FFF2B472-F7B7-492F-9944-614311E0D969}.Debug|Any CPU.ActiveCfg = Debug|Any CPU
		{FFF2B472-F7B7-492F-9944-614311E0D969}.Debug|Any CPU.Build.0 = Debug|Any CPU
		{FFF2B472-F7B7-492F-9944-614311E0D969}.Release|Any CPU.ActiveCfg = Release|Any CPU
		{FFF2B472-F7B7-492F-9944-614311E0D969}.Release|Any CPU.Build.0 = Release|Any CPU
		{54F47324-9ACD-4743-AC2A-0AB89F7102E1}.Debug|Any CPU.ActiveCfg = Debug|Any CPU
		{54F47324-9ACD-4743-AC2A-0AB89F7102E1}.Debug|Any CPU.Build.0 = Debug|Any CPU
		{54F47324-9ACD-4743-AC2A-0AB89F7102E1}.Release|Any CPU.ActiveCfg = Release|Any CPU
		{54F47324-9ACD-4743-AC2A-0AB89F7102E1}.Release|Any CPU.Build.0 = Release|Any CPU
		{44167866-8EA7-4607-901E-B4CE917D6855}.Debug|Any CPU.ActiveCfg = Debug|Any CPU
		{44167866-8EA7-4607-901E-B4CE917D6855}.Debug|Any CPU.Build.0 = Debug|Any CPU
		{44167866-8EA7-4607-901E-B4CE917D6855}.Release|Any CPU.ActiveCfg = Release|Any CPU
		{44167866-8EA7-4607-901E-B4CE917D6855}.Release|Any CPU.Build.0 = Release|Any CPU
	EndGlobalSection
	GlobalSection(NestedProjects) = preSolution
		{87567645-C04C-4D24-8845-4EC4092353D5} = {5BA39FEA-2C24-4F7C-B330-AD4BB5B35D92}
		{0A3CFA7A-59CC-4F2E-B920-7BB442EF73C6} = {5BA39FEA-2C24-4F7C-B330-AD4BB5B35D92}
		{0049FEC9-91FA-4486-991C-9249FFDD3349} = {5BA39FEA-2C24-4F7C-B330-AD4BB5B35D92}
		{EC8C6FF1-BE75-44ED-8CD8-8641B2A7DE2B} = {5BA39FEA-2C24-4F7C-B330-AD4BB5B35D92}
		{FFF2B472-F7B7-492F-9944-614311E0D969} = {5BA39FEA-2C24-4F7C-B330-AD4BB5B35D92}
		{54F47324-9ACD-4743-AC2A-0AB89F7102E1} = {F0BC4987-59D8-4D37-887F-FDD54BA3E47E}
		{44167866-8EA7-4607-901E-B4CE917D6855} = {F0BC4987-59D8-4D37-887F-FDD54BA3E47E}
	EndGlobalSection
EndGlobal
